
Microsoft Visual Studio Solution File, Format Version 12.00
# Visual Studio Version 17
VisualStudioVersion = 17.4.33213.308
MinimumVisualStudioVersion = 10.0.40219.1
Project("{FAE04EC0-301F-11D3-BF4B-00C04F79EFBC}") = "WpfApp1olenuk", "WpfApp1olenuk\WpfApp1olenuk.csproj", "{A840E508-E7F8-4B05-9B51-51410859ACC7}"
EndProject
Global
	GlobalSection(SolutionConfigurationPlatforms) = preSolution
		Debug|Any CPU = Debug|Any CPU
		Release|Any CPU = Release|Any CPU
	EndGlobalSection
	GlobalSection(ProjectConfigurationPlatforms) = postSolution
		{A840E508-E7F8-4B05-9B51-51410859ACC7}.Debug|Any CPU.ActiveCfg = Debug|Any CPU
		{A840E508-E7F8-4B05-9B51-51410859ACC7}.Debug|Any CPU.Build.0 = Debug|Any CPU
		{A840E508-E7F8-4B05-9B51-51410859ACC7}.Release|Any CPU.ActiveCfg = Release|Any CPU
		{A840E508-E7F8-4B05-9B51-51410859ACC7}.Release|Any CPU.Build.0 = Release|Any CPU
	EndGlobalSection
	GlobalSection(SolutionProperties) = preSolution
		HideSolutionNode = FALSE
	EndGlobalSection
	GlobalSection(ExtensibilityGlobals) = postSolution
		SolutionGuid = {3CF7FD7E-D821-4C41-B95F-5C688F6DC978}
	EndGlobalSection
EndGlobal
